// !$*UTF8*$!
{
	archiveVersion = 1;
	classes = {
	};
	objectVersion = 56;
	objects = {

/* Begin PBXBuildFile section */
		FF02764B2998CE66001A6F1A /* MovieAppApp.swift in Sources */ = {isa = PBXBuildFile; fileRef = FF02764A2998CE66001A6F1A /* MovieAppApp.swift */; };
		FF02764F2998CE67001A6F1A /* Assets.xcassets in Resources */ = {isa = PBXBuildFile; fileRef = FF02764E2998CE67001A6F1A /* Assets.xcassets */; };
		FF0276522998CE67001A6F1A /* Preview Assets.xcassets in Resources */ = {isa = PBXBuildFile; fileRef = FF0276512998CE67001A6F1A /* Preview Assets.xcassets */; };
		FF02765C2998CE68001A6F1A /* MovieAppTests.swift in Sources */ = {isa = PBXBuildFile; fileRef = FF02765B2998CE68001A6F1A /* MovieAppTests.swift */; };
		FF0276662998CE68001A6F1A /* MovieAppUITests.swift in Sources */ = {isa = PBXBuildFile; fileRef = FF0276652998CE68001A6F1A /* MovieAppUITests.swift */; };
		FF0276682998CE68001A6F1A /* MovieAppUITestsLaunchTests.swift in Sources */ = {isa = PBXBuildFile; fileRef = FF0276672998CE68001A6F1A /* MovieAppUITestsLaunchTests.swift */; };
		FF0276762998D487001A6F1A /* Constants.swift in Sources */ = {isa = PBXBuildFile; fileRef = FF0276752998D487001A6F1A /* Constants.swift */; };
		FF02767C2998D50E001A6F1A /* ImageLoader.swift in Sources */ = {isa = PBXBuildFile; fileRef = FF02767B2998D50E001A6F1A /* ImageLoader.swift */; };
		FF02767F2998D6D7001A6F1A /* URLImage.swift in Sources */ = {isa = PBXBuildFile; fileRef = FF02767E2998D6D7001A6F1A /* URLImage.swift */; };
		FF0276812998E09A001A6F1A /* Rating.swift in Sources */ = {isa = PBXBuildFile; fileRef = FF0276802998E09A001A6F1A /* Rating.swift */; };
		FF0276862998EEB1001A6F1A /* Movie.swift in Sources */ = {isa = PBXBuildFile; fileRef = FF0276852998EEB1001A6F1A /* Movie.swift */; };
		FF0276882998F2CA001A6F1A /* HTTPClient.swift in Sources */ = {isa = PBXBuildFile; fileRef = FF0276872998F2CA001A6F1A /* HTTPClient.swift */; };
		FF02768A2998FD99001A6F1A /* URL+Extensions.swift in Sources */ = {isa = PBXBuildFile; fileRef = FF0276892998FD99001A6F1A /* URL+Extensions.swift */; };
		FF02768C29990991001A6F1A /* MovieListViewModel.swift in Sources */ = {isa = PBXBuildFile; fileRef = FF02768B29990991001A6F1A /* MovieListViewModel.swift */; };
		FF02768E29992887001A6F1A /* MovieListScreen.swift in Sources */ = {isa = PBXBuildFile; fileRef = FF02768D29992887001A6F1A /* MovieListScreen.swift */; };
		FF0276902999385C001A6F1A /* MovieListView.swift in Sources */ = {isa = PBXBuildFile; fileRef = FF02768F2999385C001A6F1A /* MovieListView.swift */; };
		FF02769229993C3D001A6F1A /* View+Extensions.swift in Sources */ = {isa = PBXBuildFile; fileRef = FF02769129993C3D001A6F1A /* View+Extensions.swift */; };
		FF90162F299BEEE1000ADFBA /* LoadingView.swift in Sources */ = {isa = PBXBuildFile; fileRef = FF90162E299BEEE1000ADFBA /* LoadingView.swift */; };
		FFA56AFC299C79F400E30D89 /* MovieDetail.swift in Sources */ = {isa = PBXBuildFile; fileRef = FFA56AFB299C79F400E30D89 /* MovieDetail.swift */; };
		FFA56AFE299C878500E30D89 /* MovieDetailViewModel.swift in Sources */ = {isa = PBXBuildFile; fileRef = FFA56AFD299C878500E30D89 /* MovieDetailViewModel.swift */; };
		FFA56B00299C8B1C00E30D89 /* MovieDetailScreen.swift in Sources */ = {isa = PBXBuildFile; fileRef = FFA56AFF299C8B1C00E30D89 /* MovieDetailScreen.swift */; };
		FFA56B02299C8BF100E30D89 /* MovieDetailView.swift in Sources */ = {isa = PBXBuildFile; fileRef = FFA56B01299C8BF100E30D89 /* MovieDetailView.swift */; };
		FFD4AB90299B331100CB8522 /* String+Extensions.swift in Sources */ = {isa = PBXBuildFile; fileRef = FFD4AB8F299B331100CB8522 /* String+Extensions.swift */; };
		FFD4AB92299B352400CB8522 /* FailedView.swift in Sources */ = {isa = PBXBuildFile; fileRef = FFD4AB91299B352400CB8522 /* FailedView.swift */; };
		FFD4AB94299B367500CB8522 /* ViewModelBase.swift in Sources */ = {isa = PBXBuildFile; fileRef = FFD4AB93299B367500CB8522 /* ViewModelBase.swift */; };
/* End PBXBuildFile section */

/* Begin PBXContainerItemProxy section */
		FF0276582998CE68001A6F1A /* PBXContainerItemProxy */ = {
			isa = PBXContainerItemProxy;
			containerPortal = FF02763F2998CE66001A6F1A /* Project object */;
			proxyType = 1;
			remoteGlobalIDString = FF0276462998CE66001A6F1A;
			remoteInfo = MovieApp;
		};
		FF0276622998CE68001A6F1A /* PBXContainerItemProxy */ = {
			isa = PBXContainerItemProxy;
			containerPortal = FF02763F2998CE66001A6F1A /* Project object */;
			proxyType = 1;
			remoteGlobalIDString = FF0276462998CE66001A6F1A;
			remoteInfo = MovieApp;
		};
/* End PBXContainerItemProxy section */

/* Begin PBXFileReference section */
		FF0276472998CE66001A6F1A /* MovieApp.app */ = {isa = PBXFileReference; explicitFileType = wrapper.application; includeInIndex = 0; path = MovieApp.app; sourceTree = BUILT_PRODUCTS_DIR; };
		FF02764A2998CE66001A6F1A /* MovieAppApp.swift */ = {isa = PBXFileReference; lastKnownFileType = sourcecode.swift; path = MovieAppApp.swift; sourceTree = "<group>"; };
		FF02764E2998CE67001A6F1A /* Assets.xcassets */ = {isa = PBXFileReference; lastKnownFileType = folder.assetcatalog; path = Assets.xcassets; sourceTree = "<group>"; };
		FF0276512998CE67001A6F1A /* Preview Assets.xcassets */ = {isa = PBXFileReference; lastKnownFileType = folder.assetcatalog; path = "Preview Assets.xcassets"; sourceTree = "<group>"; };
		FF0276572998CE68001A6F1A /* MovieAppTests.xctest */ = {isa = PBXFileReference; explicitFileType = wrapper.cfbundle; includeInIndex = 0; path = MovieAppTests.xctest; sourceTree = BUILT_PRODUCTS_DIR; };
		FF02765B2998CE68001A6F1A /* MovieAppTests.swift */ = {isa = PBXFileReference; lastKnownFileType = sourcecode.swift; path = MovieAppTests.swift; sourceTree = "<group>"; };
		FF0276612998CE68001A6F1A /* MovieAppUITests.xctest */ = {isa = PBXFileReference; explicitFileType = wrapper.cfbundle; includeInIndex = 0; path = MovieAppUITests.xctest; sourceTree = BUILT_PRODUCTS_DIR; };
		FF0276652998CE68001A6F1A /* MovieAppUITests.swift */ = {isa = PBXFileReference; lastKnownFileType = sourcecode.swift; path = MovieAppUITests.swift; sourceTree = "<group>"; };
		FF0276672998CE68001A6F1A /* MovieAppUITestsLaunchTests.swift */ = {isa = PBXFileReference; lastKnownFileType = sourcecode.swift; path = MovieAppUITestsLaunchTests.swift; sourceTree = "<group>"; };
		FF0276752998D487001A6F1A /* Constants.swift */ = {isa = PBXFileReference; lastKnownFileType = sourcecode.swift; path = Constants.swift; sourceTree = "<group>"; };
		FF02767B2998D50E001A6F1A /* ImageLoader.swift */ = {isa = PBXFileReference; lastKnownFileType = sourcecode.swift; path = ImageLoader.swift; sourceTree = "<group>"; };
		FF02767E2998D6D7001A6F1A /* URLImage.swift */ = {isa = PBXFileReference; lastKnownFileType = sourcecode.swift; path = URLImage.swift; sourceTree = "<group>"; };
		FF0276802998E09A001A6F1A /* Rating.swift */ = {isa = PBXFileReference; lastKnownFileType = sourcecode.swift; path = Rating.swift; sourceTree = "<group>"; };
		FF0276852998EEB1001A6F1A /* Movie.swift */ = {isa = PBXFileReference; lastKnownFileType = sourcecode.swift; path = Movie.swift; sourceTree = "<group>"; };
		FF0276872998F2CA001A6F1A /* HTTPClient.swift */ = {isa = PBXFileReference; lastKnownFileType = sourcecode.swift; path = HTTPClient.swift; sourceTree = "<group>"; };
		FF0276892998FD99001A6F1A /* URL+Extensions.swift */ = {isa = PBXFileReference; lastKnownFileType = sourcecode.swift; path = "URL+Extensions.swift"; sourceTree = "<group>"; };
		FF02768B29990991001A6F1A /* MovieListViewModel.swift */ = {isa = PBXFileReference; lastKnownFileType = sourcecode.swift; path = MovieListViewModel.swift; sourceTree = "<group>"; };
		FF02768D29992887001A6F1A /* MovieListScreen.swift */ = {isa = PBXFileReference; lastKnownFileType = sourcecode.swift; path = MovieListScreen.swift; sourceTree = "<group>"; };
		FF02768F2999385C001A6F1A /* MovieListView.swift */ = {isa = PBXFileReference; lastKnownFileType = sourcecode.swift; path = MovieListView.swift; sourceTree = "<group>"; };
		FF02769129993C3D001A6F1A /* View+Extensions.swift */ = {isa = PBXFileReference; lastKnownFileType = sourcecode.swift; path = "View+Extensions.swift"; sourceTree = "<group>"; };
		FF90162E299BEEE1000ADFBA /* LoadingView.swift */ = {isa = PBXFileReference; lastKnownFileType = sourcecode.swift; path = LoadingView.swift; sourceTree = "<group>"; };
		FFA56AFB299C79F400E30D89 /* MovieDetail.swift */ = {isa = PBXFileReference; lastKnownFileType = sourcecode.swift; path = MovieDetail.swift; sourceTree = "<group>"; };
		FFA56AFD299C878500E30D89 /* MovieDetailViewModel.swift */ = {isa = PBXFileReference; lastKnownFileType = sourcecode.swift; path = MovieDetailViewModel.swift; sourceTree = "<group>"; };
		FFA56AFF299C8B1C00E30D89 /* MovieDetailScreen.swift */ = {isa = PBXFileReference; lastKnownFileType = sourcecode.swift; path = MovieDetailScreen.swift; sourceTree = "<group>"; };
		FFA56B01299C8BF100E30D89 /* MovieDetailView.swift */ = {isa = PBXFileReference; lastKnownFileType = sourcecode.swift; path = MovieDetailView.swift; sourceTree = "<group>"; };
		FFD4AB8F299B331100CB8522 /* String+Extensions.swift */ = {isa = PBXFileReference; lastKnownFileType = sourcecode.swift; path = "String+Extensions.swift"; sourceTree = "<group>"; };
		FFD4AB91299B352400CB8522 /* FailedView.swift */ = {isa = PBXFileReference; lastKnownFileType = sourcecode.swift; path = FailedView.swift; sourceTree = "<group>"; };
		FFD4AB93299B367500CB8522 /* ViewModelBase.swift */ = {isa = PBXFileReference; lastKnownFileType = sourcecode.swift; path = ViewModelBase.swift; sourceTree = "<group>"; };
/* End PBXFileReference section */

/* Begin PBXFrameworksBuildPhase section */
		FF0276442998CE66001A6F1A /* Frameworks */ = {
			isa = PBXFrameworksBuildPhase;
			buildActionMask = 2147483647;
			files = (
			);
			runOnlyForDeploymentPostprocessing = 0;
		};
		FF0276542998CE68001A6F1A /* Frameworks */ = {
			isa = PBXFrameworksBuildPhase;
			buildActionMask = 2147483647;
			files = (
			);
			runOnlyForDeploymentPostprocessing = 0;
		};
		FF02765E2998CE68001A6F1A /* Frameworks */ = {
			isa = PBXFrameworksBuildPhase;
			buildActionMask = 2147483647;
			files = (
			);
			runOnlyForDeploymentPostprocessing = 0;
		};
/* End PBXFrameworksBuildPhase section */

/* Begin PBXGroup section */
		FF02763E2998CE66001A6F1A = {
			isa = PBXGroup;
			children = (
				FF0276492998CE66001A6F1A /* MovieApp */,
				FF02765A2998CE68001A6F1A /* MovieAppTests */,
				FF0276642998CE68001A6F1A /* MovieAppUITests */,
				FF0276482998CE66001A6F1A /* Products */,
			);
			sourceTree = "<group>";
		};
		FF0276482998CE66001A6F1A /* Products */ = {
			isa = PBXGroup;
			children = (
				FF0276472998CE66001A6F1A /* MovieApp.app */,
				FF0276572998CE68001A6F1A /* MovieAppTests.xctest */,
				FF0276612998CE68001A6F1A /* MovieAppUITests.xctest */,
			);
			name = Products;
			sourceTree = "<group>";
		};
		FF0276492998CE66001A6F1A /* MovieApp */ = {
			isa = PBXGroup;
			children = (
				FF0276742998D474001A6F1A /* Utils */,
				FF0276772998D4B4001A6F1A /* View Models */,
				FF0276782998D4BB001A6F1A /* Models */,
				FF0276792998D4D4001A6F1A /* Services */,
				FF02767A2998D4DD001A6F1A /* Loaders */,
				FF02767D2998D68E001A6F1A /* Controls */,
				FF0276822998E403001A6F1A /* Extensions */,
				FF0276832998E40D001A6F1A /* Screens */,
				FF0276842998E422001A6F1A /* Views */,
				FF02764A2998CE66001A6F1A /* MovieAppApp.swift */,
				FF02764E2998CE67001A6F1A /* Assets.xcassets */,
				FF0276502998CE67001A6F1A /* Preview Content */,
			);
			path = MovieApp;
			sourceTree = "<group>";
		};
		FF0276502998CE67001A6F1A /* Preview Content */ = {
			isa = PBXGroup;
			children = (
				FF0276512998CE67001A6F1A /* Preview Assets.xcassets */,
			);
			path = "Preview Content";
			sourceTree = "<group>";
		};
		FF02765A2998CE68001A6F1A /* MovieAppTests */ = {
			isa = PBXGroup;
			children = (
				FF02765B2998CE68001A6F1A /* MovieAppTests.swift */,
			);
			path = MovieAppTests;
			sourceTree = "<group>";
		};
		FF0276642998CE68001A6F1A /* MovieAppUITests */ = {
			isa = PBXGroup;
			children = (
				FF0276652998CE68001A6F1A /* MovieAppUITests.swift */,
				FF0276672998CE68001A6F1A /* MovieAppUITestsLaunchTests.swift */,
			);
			path = MovieAppUITests;
			sourceTree = "<group>";
		};
		FF0276742998D474001A6F1A /* Utils */ = {
			isa = PBXGroup;
			children = (
				FF0276752998D487001A6F1A /* Constants.swift */,
			);
			path = Utils;
			sourceTree = "<group>";
		};
		FF0276772998D4B4001A6F1A /* View Models */ = {
			isa = PBXGroup;
			children = (
				FF02768B29990991001A6F1A /* MovieListViewModel.swift */,
				FFD4AB93299B367500CB8522 /* ViewModelBase.swift */,
				FFA56AFD299C878500E30D89 /* MovieDetailViewModel.swift */,
			);
			path = "View Models";
			sourceTree = "<group>";
		};
		FF0276782998D4BB001A6F1A /* Models */ = {
			isa = PBXGroup;
			children = (
				FF0276852998EEB1001A6F1A /* Movie.swift */,
				FFA56AFB299C79F400E30D89 /* MovieDetail.swift */,
			);
			path = Models;
			sourceTree = "<group>";
		};
		FF0276792998D4D4001A6F1A /* Services */ = {
			isa = PBXGroup;
			children = (
				FF0276872998F2CA001A6F1A /* HTTPClient.swift */,
			);
			path = Services;
			sourceTree = "<group>";
		};
		FF02767A2998D4DD001A6F1A /* Loaders */ = {
			isa = PBXGroup;
			children = (
				FF02767B2998D50E001A6F1A /* ImageLoader.swift */,
			);
			path = Loaders;
			sourceTree = "<group>";
		};
		FF02767D2998D68E001A6F1A /* Controls */ = {
			isa = PBXGroup;
			children = (
				FF02767E2998D6D7001A6F1A /* URLImage.swift */,
				FF0276802998E09A001A6F1A /* Rating.swift */,
			);
			path = Controls;
			sourceTree = "<group>";
		};
		FF0276822998E403001A6F1A /* Extensions */ = {
			isa = PBXGroup;
			children = (
				FF0276892998FD99001A6F1A /* URL+Extensions.swift */,
				FF02769129993C3D001A6F1A /* View+Extensions.swift */,
				FFD4AB8F299B331100CB8522 /* String+Extensions.swift */,
			);
			path = Extensions;
			sourceTree = "<group>";
		};
		FF0276832998E40D001A6F1A /* Screens */ = {
			isa = PBXGroup;
			children = (
				FF02768D29992887001A6F1A /* MovieListScreen.swift */,
				FFA56AFF299C8B1C00E30D89 /* MovieDetailScreen.swift */,
			);
			path = Screens;
			sourceTree = "<group>";
		};
		FF0276842998E422001A6F1A /* Views */ = {
			isa = PBXGroup;
			children = (
				FF02768F2999385C001A6F1A /* MovieListView.swift */,
				FFD4AB91299B352400CB8522 /* FailedView.swift */,
				FF90162E299BEEE1000ADFBA /* LoadingView.swift */,
				FFA56B01299C8BF100E30D89 /* MovieDetailView.swift */,
			);
			path = Views;
			sourceTree = "<group>";
		};
/* End PBXGroup section */

/* Begin PBXNativeTarget section */
		FF0276462998CE66001A6F1A /* MovieApp */ = {
			isa = PBXNativeTarget;
			buildConfigurationList = FF02766B2998CE68001A6F1A /* Build configuration list for PBXNativeTarget "MovieApp" */;
			buildPhases = (
				FF0276432998CE66001A6F1A /* Sources */,
				FF0276442998CE66001A6F1A /* Frameworks */,
				FF0276452998CE66001A6F1A /* Resources */,
			);
			buildRules = (
			);
			dependencies = (
			);
			name = MovieApp;
			productName = MovieApp;
			productReference = FF0276472998CE66001A6F1A /* MovieApp.app */;
			productType = "com.apple.product-type.application";
		};
		FF0276562998CE68001A6F1A /* MovieAppTests */ = {
			isa = PBXNativeTarget;
			buildConfigurationList = FF02766E2998CE68001A6F1A /* Build configuration list for PBXNativeTarget "MovieAppTests" */;
			buildPhases = (
				FF0276532998CE68001A6F1A /* Sources */,
				FF0276542998CE68001A6F1A /* Frameworks */,
				FF0276552998CE68001A6F1A /* Resources */,
			);
			buildRules = (
			);
			dependencies = (
				FF0276592998CE68001A6F1A /* PBXTargetDependency */,
			);
			name = MovieAppTests;
			productName = MovieAppTests;
			productReference = FF0276572998CE68001A6F1A /* MovieAppTests.xctest */;
			productType = "com.apple.product-type.bundle.unit-test";
		};
		FF0276602998CE68001A6F1A /* MovieAppUITests */ = {
			isa = PBXNativeTarget;
			buildConfigurationList = FF0276712998CE68001A6F1A /* Build configuration list for PBXNativeTarget "MovieAppUITests" */;
			buildPhases = (
				FF02765D2998CE68001A6F1A /* Sources */,
				FF02765E2998CE68001A6F1A /* Frameworks */,
				FF02765F2998CE68001A6F1A /* Resources */,
			);
			buildRules = (
			);
			dependencies = (
				FF0276632998CE68001A6F1A /* PBXTargetDependency */,
			);
			name = MovieAppUITests;
			productName = MovieAppUITests;
			productReference = FF0276612998CE68001A6F1A /* MovieAppUITests.xctest */;
			productType = "com.apple.product-type.bundle.ui-testing";
		};
/* End PBXNativeTarget section */

/* Begin PBXProject section */
		FF02763F2998CE66001A6F1A /* Project object */ = {
			isa = PBXProject;
			attributes = {
				BuildIndependentTargetsInParallel = 1;
				LastSwiftUpdateCheck = 1400;
				LastUpgradeCheck = 1400;
				TargetAttributes = {
					FF0276462998CE66001A6F1A = {
						CreatedOnToolsVersion = 14.0.1;
					};
					FF0276562998CE68001A6F1A = {
						CreatedOnToolsVersion = 14.0.1;
						TestTargetID = FF0276462998CE66001A6F1A;
					};
					FF0276602998CE68001A6F1A = {
						CreatedOnToolsVersion = 14.0.1;
						TestTargetID = FF0276462998CE66001A6F1A;
					};
				};
			};
			buildConfigurationList = FF0276422998CE66001A6F1A /* Build configuration list for PBXProject "MovieApp" */;
			compatibilityVersion = "Xcode 14.0";
			developmentRegion = en;
			hasScannedForEncodings = 0;
			knownRegions = (
				en,
				Base,
			);
			mainGroup = FF02763E2998CE66001A6F1A;
			productRefGroup = FF0276482998CE66001A6F1A /* Products */;
			projectDirPath = "";
			projectRoot = "";
			targets = (
				FF0276462998CE66001A6F1A /* MovieApp */,
				FF0276562998CE68001A6F1A /* MovieAppTests */,
				FF0276602998CE68001A6F1A /* MovieAppUITests */,
			);
		};
/* End PBXProject section */

/* Begin PBXResourcesBuildPhase section */
		FF0276452998CE66001A6F1A /* Resources */ = {
			isa = PBXResourcesBuildPhase;
			buildActionMask = 2147483647;
			files = (
				FF0276522998CE67001A6F1A /* Preview Assets.xcassets in Resources */,
				FF02764F2998CE67001A6F1A /* Assets.xcassets in Resources */,
			);
			runOnlyForDeploymentPostprocessing = 0;
		};
		FF0276552998CE68001A6F1A /* Resources */ = {
			isa = PBXResourcesBuildPhase;
			buildActionMask = 2147483647;
			files = (
			);
			runOnlyForDeploymentPostprocessing = 0;
		};
		FF02765F2998CE68001A6F1A /* Resources */ = {
			isa = PBXResourcesBuildPhase;
			buildActionMask = 2147483647;
			files = (
			);
			runOnlyForDeploymentPostprocessing = 0;
		};
/* End PBXResourcesBuildPhase section */

/* Begin PBXSourcesBuildPhase section */
		FF0276432998CE66001A6F1A /* Sources */ = {
			isa = PBXSourcesBuildPhase;
			buildActionMask = 2147483647;
			files = (
				FF0276862998EEB1001A6F1A /* Movie.swift in Sources */,
				FFD4AB90299B331100CB8522 /* String+Extensions.swift in Sources */,
				FF0276902999385C001A6F1A /* MovieListView.swift in Sources */,
				FF0276812998E09A001A6F1A /* Rating.swift in Sources */,
				FFA56B00299C8B1C00E30D89 /* MovieDetailScreen.swift in Sources */,
				FF0276882998F2CA001A6F1A /* HTTPClient.swift in Sources */,
				FF90162F299BEEE1000ADFBA /* LoadingView.swift in Sources */,
				FFD4AB94299B367500CB8522 /* ViewModelBase.swift in Sources */,
				FF02768A2998FD99001A6F1A /* URL+Extensions.swift in Sources */,
				FFA56AFE299C878500E30D89 /* MovieDetailViewModel.swift in Sources */,
				FFA56B02299C8BF100E30D89 /* MovieDetailView.swift in Sources */,
				FF02764B2998CE66001A6F1A /* MovieAppApp.swift in Sources */,
				FF02767C2998D50E001A6F1A /* ImageLoader.swift in Sources */,
				FF02767F2998D6D7001A6F1A /* URLImage.swift in Sources */,
				FF02768E29992887001A6F1A /* MovieListScreen.swift in Sources */,
				FF0276762998D487001A6F1A /* Constants.swift in Sources */,
				FF02769229993C3D001A6F1A /* View+Extensions.swift in Sources */,
				FFA56AFC299C79F400E30D89 /* MovieDetail.swift in Sources */,
				FF02768C29990991001A6F1A /* MovieListViewModel.swift in Sources */,
				FFD4AB92299B352400CB8522 /* FailedView.swift in Sources */,
			);
			runOnlyForDeploymentPostprocessing = 0;
		};
		FF0276532998CE68001A6F1A /* Sources */ = {
			isa = PBXSourcesBuildPhase;
			buildActionMask = 2147483647;
			files = (
				FF02765C2998CE68001A6F1A /* MovieAppTests.swift in Sources */,
			);
			runOnlyForDeploymentPostprocessing = 0;
		};
		FF02765D2998CE68001A6F1A /* Sources */ = {
			isa = PBXSourcesBuildPhase;
			buildActionMask = 2147483647;
			files = (
				FF0276682998CE68001A6F1A /* MovieAppUITestsLaunchTests.swift in Sources */,
				FF0276662998CE68001A6F1A /* MovieAppUITests.swift in Sources */,
			);
			runOnlyForDeploymentPostprocessing = 0;
		};
/* End PBXSourcesBuildPhase section */

/* Begin PBXTargetDependency section */
		FF0276592998CE68001A6F1A /* PBXTargetDependency */ = {
			isa = PBXTargetDependency;
			target = FF0276462998CE66001A6F1A /* MovieApp */;
			targetProxy = FF0276582998CE68001A6F1A /* PBXContainerItemProxy */;
		};
		FF0276632998CE68001A6F1A /* PBXTargetDependency */ = {
			isa = PBXTargetDependency;
			target = FF0276462998CE66001A6F1A /* MovieApp */;
			targetProxy = FF0276622998CE68001A6F1A /* PBXContainerItemProxy */;
		};
/* End PBXTargetDependency section */

/* Begin XCBuildConfiguration section */
		FF0276692998CE68001A6F1A /* Debug */ = {
			isa = XCBuildConfiguration;
			buildSettings = {
				ALWAYS_SEARCH_USER_PATHS = NO;
				CLANG_ANALYZER_NONNULL = YES;
				CLANG_ANALYZER_NUMBER_OBJECT_CONVERSION = YES_AGGRESSIVE;
				CLANG_CXX_LANGUAGE_STANDARD = "gnu++20";
				CLANG_ENABLE_MODULES = YES;
				CLANG_ENABLE_OBJC_ARC = YES;
				CLANG_ENABLE_OBJC_WEAK = YES;
				CLANG_WARN_BLOCK_CAPTURE_AUTORELEASING = YES;
				CLANG_WARN_BOOL_CONVERSION = YES;
				CLANG_WARN_COMMA = YES;
				CLANG_WARN_CONSTANT_CONVERSION = YES;
				CLANG_WARN_DEPRECATED_OBJC_IMPLEMENTATIONS = YES;
				CLANG_WARN_DIRECT_OBJC_ISA_USAGE = YES_ERROR;
				CLANG_WARN_DOCUMENTATION_COMMENTS = YES;
				CLANG_WARN_EMPTY_BODY = YES;
				CLANG_WARN_ENUM_CONVERSION = YES;
				CLANG_WARN_INFINITE_RECURSION = YES;
				CLANG_WARN_INT_CONVERSION = YES;
				CLANG_WARN_NON_LITERAL_NULL_CONVERSION = YES;
				CLANG_WARN_OBJC_IMPLICIT_RETAIN_SELF = YES;
				CLANG_WARN_OBJC_LITERAL_CONVERSION = YES;
				CLANG_WARN_OBJC_ROOT_CLASS = YES_ERROR;
				CLANG_WARN_QUOTED_INCLUDE_IN_FRAMEWORK_HEADER = YES;
				CLANG_WARN_RANGE_LOOP_ANALYSIS = YES;
				CLANG_WARN_STRICT_PROTOTYPES = YES;
				CLANG_WARN_SUSPICIOUS_MOVE = YES;
				CLANG_WARN_UNGUARDED_AVAILABILITY = YES_AGGRESSIVE;
				CLANG_WARN_UNREACHABLE_CODE = YES;
				CLANG_WARN__DUPLICATE_METHOD_MATCH = YES;
				COPY_PHASE_STRIP = NO;
				DEBUG_INFORMATION_FORMAT = dwarf;
				ENABLE_STRICT_OBJC_MSGSEND = YES;
				ENABLE_TESTABILITY = YES;
				GCC_C_LANGUAGE_STANDARD = gnu11;
				GCC_DYNAMIC_NO_PIC = NO;
				GCC_NO_COMMON_BLOCKS = YES;
				GCC_OPTIMIZATION_LEVEL = 0;
				GCC_PREPROCESSOR_DEFINITIONS = (
					"DEBUG=1",
					"$(inherited)",
				);
				GCC_WARN_64_TO_32_BIT_CONVERSION = YES;
				GCC_WARN_ABOUT_RETURN_TYPE = YES_ERROR;
				GCC_WARN_UNDECLARED_SELECTOR = YES;
				GCC_WARN_UNINITIALIZED_AUTOS = YES_AGGRESSIVE;
				GCC_WARN_UNUSED_FUNCTION = YES;
				GCC_WARN_UNUSED_VARIABLE = YES;
				IPHONEOS_DEPLOYMENT_TARGET = 16.0;
				MTL_ENABLE_DEBUG_INFO = INCLUDE_SOURCE;
				MTL_FAST_MATH = YES;
				ONLY_ACTIVE_ARCH = YES;
				SDKROOT = iphoneos;
				SWIFT_ACTIVE_COMPILATION_CONDITIONS = DEBUG;
				SWIFT_OPTIMIZATION_LEVEL = "-Onone";
			};
			name = Debug;
		};
		FF02766A2998CE68001A6F1A /* Release */ = {
			isa = XCBuildConfiguration;
			buildSettings = {
				ALWAYS_SEARCH_USER_PATHS = NO;
				CLANG_ANALYZER_NONNULL = YES;
				CLANG_ANALYZER_NUMBER_OBJECT_CONVERSION = YES_AGGRESSIVE;
				CLANG_CXX_LANGUAGE_STANDARD = "gnu++20";
				CLANG_ENABLE_MODULES = YES;
				CLANG_ENABLE_OBJC_ARC = YES;
				CLANG_ENABLE_OBJC_WEAK = YES;
				CLANG_WARN_BLOCK_CAPTURE_AUTORELEASING = YES;
				CLANG_WARN_BOOL_CONVERSION = YES;
				CLANG_WARN_COMMA = YES;
				CLANG_WARN_CONSTANT_CONVERSION = YES;
				CLANG_WARN_DEPRECATED_OBJC_IMPLEMENTATIONS = YES;
				CLANG_WARN_DIRECT_OBJC_ISA_USAGE = YES_ERROR;
				CLANG_WARN_DOCUMENTATION_COMMENTS = YES;
				CLANG_WARN_EMPTY_BODY = YES;
				CLANG_WARN_ENUM_CONVERSION = YES;
				CLANG_WARN_INFINITE_RECURSION = YES;
				CLANG_WARN_INT_CONVERSION = YES;
				CLANG_WARN_NON_LITERAL_NULL_CONVERSION = YES;
				CLANG_WARN_OBJC_IMPLICIT_RETAIN_SELF = YES;
				CLANG_WARN_OBJC_LITERAL_CONVERSION = YES;
				CLANG_WARN_OBJC_ROOT_CLASS = YES_ERROR;
				CLANG_WARN_QUOTED_INCLUDE_IN_FRAMEWORK_HEADER = YES;
				CLANG_WARN_RANGE_LOOP_ANALYSIS = YES;
				CLANG_WARN_STRICT_PROTOTYPES = YES;
				CLANG_WARN_SUSPICIOUS_MOVE = YES;
				CLANG_WARN_UNGUARDED_AVAILABILITY = YES_AGGRESSIVE;
				CLANG_WARN_UNREACHABLE_CODE = YES;
				CLANG_WARN__DUPLICATE_METHOD_MATCH = YES;
				COPY_PHASE_STRIP = NO;
				DEBUG_INFORMATION_FORMAT = "dwarf-with-dsym";
				ENABLE_NS_ASSERTIONS = NO;
				ENABLE_STRICT_OBJC_MSGSEND = YES;
				GCC_C_LANGUAGE_STANDARD = gnu11;
				GCC_NO_COMMON_BLOCKS = YES;
				GCC_WARN_64_TO_32_BIT_CONVERSION = YES;
				GCC_WARN_ABOUT_RETURN_TYPE = YES_ERROR;
				GCC_WARN_UNDECLARED_SELECTOR = YES;
				GCC_WARN_UNINITIALIZED_AUTOS = YES_AGGRESSIVE;
				GCC_WARN_UNUSED_FUNCTION = YES;
				GCC_WARN_UNUSED_VARIABLE = YES;
				IPHONEOS_DEPLOYMENT_TARGET = 16.0;
				MTL_ENABLE_DEBUG_INFO = NO;
				MTL_FAST_MATH = YES;
				SDKROOT = iphoneos;
				SWIFT_COMPILATION_MODE = wholemodule;
				SWIFT_OPTIMIZATION_LEVEL = "-O";
				VALIDATE_PRODUCT = YES;
			};
			name = Release;
		};
		FF02766C2998CE68001A6F1A /* Debug */ = {
			isa = XCBuildConfiguration;
			buildSettings = {
				ASSETCATALOG_COMPILER_APPICON_NAME = AppIcon;
				ASSETCATALOG_COMPILER_GLOBAL_ACCENT_COLOR_NAME = AccentColor;
				CODE_SIGN_STYLE = Automatic;
				CURRENT_PROJECT_VERSION = 1;
				DEVELOPMENT_ASSET_PATHS = "\"MovieApp/Preview Content\"";
				DEVELOPMENT_TEAM = 6JD2XPRD65;
				ENABLE_PREVIEWS = YES;
				GENERATE_INFOPLIST_FILE = YES;
				INFOPLIST_KEY_UIApplicationSceneManifest_Generation = YES;
				INFOPLIST_KEY_UIApplicationSupportsIndirectInputEvents = YES;
				INFOPLIST_KEY_UILaunchScreen_Generation = YES;
				INFOPLIST_KEY_UISupportedInterfaceOrientations_iPad = "UIInterfaceOrientationPortrait UIInterfaceOrientationPortraitUpsideDown UIInterfaceOrientationLandscapeLeft UIInterfaceOrientationLandscapeRight";
				INFOPLIST_KEY_UISupportedInterfaceOrientations_iPhone = "UIInterfaceOrientationPortrait UIInterfaceOrientationLandscapeLeft UIInterfaceOrientationLandscapeRight";
				LD_RUNPATH_SEARCH_PATHS = (
					"$(inherited)",
					"@executable_path/Frameworks",
				);
				MARKETING_VERSION = 1.0;
				PRODUCT_BUNDLE_IDENTIFIER = Icodegp.MovieApp;
				PRODUCT_NAME = "$(TARGET_NAME)";
				SWIFT_EMIT_LOC_STRINGS = YES;
				SWIFT_VERSION = 5.0;
				TARGETED_DEVICE_FAMILY = "1,2";
			};
			name = Debug;
		};
		FF02766D2998CE68001A6F1A /* Release */ = {
			isa = XCBuildConfiguration;
			buildSettings = {
				ASSETCATALOG_COMPILER_APPICON_NAME = AppIcon;
				ASSETCATALOG_COMPILER_GLOBAL_ACCENT_COLOR_NAME = AccentColor;
				CODE_SIGN_STYLE = Automatic;
				CURRENT_PROJECT_VERSION = 1;
				DEVELOPMENT_ASSET_PATHS = "\"MovieApp/Preview Content\"";
				DEVELOPMENT_TEAM = 6JD2XPRD65;
				ENABLE_PREVIEWS = YES;
				GENERATE_INFOPLIST_FILE = YES;
				INFOPLIST_KEY_UIApplicationSceneManifest_Generation = YES;
				INFOPLIST_KEY_UIApplicationSupportsIndirectInputEvents = YES;
				INFOPLIST_KEY_UILaunchScreen_Generation = YES;
				INFOPLIST_KEY_UISupportedInterfaceOrientations_iPad = "UIInterfaceOrientationPortrait UIInterfaceOrientationPortraitUpsideDown UIInterfaceOrientationLandscapeLeft UIInterfaceOrientationLandscapeRight";
				INFOPLIST_KEY_UISupportedInterfaceOrientations_iPhone = "UIInterfaceOrientationPortrait UIInterfaceOrientationLandscapeLeft UIInterfaceOrientationLandscapeRight";
				LD_RUNPATH_SEARCH_PATHS = (
					"$(inherited)",
					"@executable_path/Frameworks",
				);
				MARKETING_VERSION = 1.0;
				PRODUCT_BUNDLE_IDENTIFIER = Icodegp.MovieApp;
				PRODUCT_NAME = "$(TARGET_NAME)";
				SWIFT_EMIT_LOC_STRINGS = YES;
				SWIFT_VERSION = 5.0;
				TARGETED_DEVICE_FAMILY = "1,2";
			};
			name = Release;
		};
		FF02766F2998CE68001A6F1A /* Debug */ = {
			isa = XCBuildConfiguration;
			buildSettings = {
				ALWAYS_EMBED_SWIFT_STANDARD_LIBRARIES = YES;
				BUNDLE_LOADER = "$(TEST_HOST)";
				CODE_SIGN_STYLE = Automatic;
				CURRENT_PROJECT_VERSION = 1;
				DEVELOPMENT_TEAM = 6JD2XPRD65;
				GENERATE_INFOPLIST_FILE = YES;
				IPHONEOS_DEPLOYMENT_TARGET = 16.0;
				MARKETING_VERSION = 1.0;
				PRODUCT_BUNDLE_IDENTIFIER = Icodegp.MovieAppTests;
				PRODUCT_NAME = "$(TARGET_NAME)";
				SWIFT_EMIT_LOC_STRINGS = NO;
				SWIFT_VERSION = 5.0;
				TARGETED_DEVICE_FAMILY = "1,2";
				TEST_HOST = "$(BUILT_PRODUCTS_DIR)/MovieApp.app/$(BUNDLE_EXECUTABLE_FOLDER_PATH)/MovieApp";
			};
			name = Debug;
		};
		FF0276702998CE68001A6F1A /* Release */ = {
			isa = XCBuildConfiguration;
			buildSettings = {
				ALWAYS_EMBED_SWIFT_STANDARD_LIBRARIES = YES;
				BUNDLE_LOADER = "$(TEST_HOST)";
				CODE_SIGN_STYLE = Automatic;
				CURRENT_PROJECT_VERSION = 1;
				DEVELOPMENT_TEAM = 6JD2XPRD65;
				GENERATE_INFOPLIST_FILE = YES;
				IPHONEOS_DEPLOYMENT_TARGET = 16.0;
				MARKETING_VERSION = 1.0;
				PRODUCT_BUNDLE_IDENTIFIER = Icodegp.MovieAppTests;
				PRODUCT_NAME = "$(TARGET_NAME)";
				SWIFT_EMIT_LOC_STRINGS = NO;
				SWIFT_VERSION = 5.0;
				TARGETED_DEVICE_FAMILY = "1,2";
				TEST_HOST = "$(BUILT_PRODUCTS_DIR)/MovieApp.app/$(BUNDLE_EXECUTABLE_FOLDER_PATH)/MovieApp";
			};
			name = Release;
		};
		FF0276722998CE68001A6F1A /* Debug */ = {
			isa = XCBuildConfiguration;
			buildSettings = {
				ALWAYS_EMBED_SWIFT_STANDARD_LIBRARIES = YES;
				CODE_SIGN_STYLE = Automatic;
				CURRENT_PROJECT_VERSION = 1;
				DEVELOPMENT_TEAM = 6JD2XPRD65;
				GENERATE_INFOPLIST_FILE = YES;
				MARKETING_VERSION = 1.0;
				PRODUCT_BUNDLE_IDENTIFIER = Icodegp.MovieAppUITests;
				PRODUCT_NAME = "$(TARGET_NAME)";
				SWIFT_EMIT_LOC_STRINGS = NO;
				SWIFT_VERSION = 5.0;
				TARGETED_DEVICE_FAMILY = "1,2";
				TEST_TARGET_NAME = MovieApp;
			};
			name = Debug;
		};
		FF0276732998CE68001A6F1A /* Release */ = {
			isa = XCBuildConfiguration;
			buildSettings = {
				ALWAYS_EMBED_SWIFT_STANDARD_LIBRARIES = YES;
				CODE_SIGN_STYLE = Automatic;
				CURRENT_PROJECT_VERSION = 1;
				DEVELOPMENT_TEAM = 6JD2XPRD65;
				GENERATE_INFOPLIST_FILE = YES;
				MARKETING_VERSION = 1.0;
				PRODUCT_BUNDLE_IDENTIFIER = Icodegp.MovieAppUITests;
				PRODUCT_NAME = "$(TARGET_NAME)";
				SWIFT_EMIT_LOC_STRINGS = NO;
				SWIFT_VERSION = 5.0;
				TARGETED_DEVICE_FAMILY = "1,2";
				TEST_TARGET_NAME = MovieApp;
			};
			name = Release;
		};
/* End XCBuildConfiguration section */

/* Begin XCConfigurationList section */
		FF0276422998CE66001A6F1A /* Build configuration list for PBXProject "MovieApp" */ = {
			isa = XCConfigurationList;
			buildConfigurations = (
				FF0276692998CE68001A6F1A /* Debug */,
				FF02766A2998CE68001A6F1A /* Release */,
			);
			defaultConfigurationIsVisible = 0;
			defaultConfigurationName = Release;
		};
		FF02766B2998CE68001A6F1A /* Build configuration list for PBXNativeTarget "MovieApp" */ = {
			isa = XCConfigurationList;
			buildConfigurations = (
				FF02766C2998CE68001A6F1A /* Debug */,
				FF02766D2998CE68001A6F1A /* Release */,
			);
			defaultConfigurationIsVisible = 0;
			defaultConfigurationName = Release;
		};
		FF02766E2998CE68001A6F1A /* Build configuration list for PBXNativeTarget "MovieAppTests" */ = {
			isa = XCConfigurationList;
			buildConfigurations = (
				FF02766F2998CE68001A6F1A /* Debug */,
				FF0276702998CE68001A6F1A /* Release */,
			);
			defaultConfigurationIsVisible = 0;
			defaultConfigurationName = Release;
		};
		FF0276712998CE68001A6F1A /* Build configuration list for PBXNativeTarget "MovieAppUITests" */ = {
			isa = XCConfigurationList;
			buildConfigurations = (
				FF0276722998CE68001A6F1A /* Debug */,
				FF0276732998CE68001A6F1A /* Release */,
			);
			defaultConfigurationIsVisible = 0;
			defaultConfigurationName = Release;
		};
/* End XCConfigurationList section */
	};
	rootObject = FF02763F2998CE66001A6F1A /* Project object */;
}
